
Microsoft Visual Studio Solution File, Format Version 12.00
# Visual Studio Version 17
VisualStudioVersion = 17.9.34607.119
MinimumVisualStudioVersion = 10.0.40219.1
Project("{9A19103F-16F7-4668-BE54-9A1E7A4F7556}") = "SourceCodeSimplifierConceptTests", "SourceCodeSimplifierConceptTests\SourceCodeSimplifierConceptTests.csproj", "{37A36BBE-8D21-49E7-841D-64FA749B2154}"
EndProject
Project("{FAE04EC0-301F-11D3-BF4B-00C04F79EFBC}") = "SourceCodeSimplifierConceptSource", "SourceCodeSimplifierConceptSource\SourceCodeSimplifierConceptSource.csproj", "{62F8B3B0-48F3-42EF-9166-3DB81EC05630}"
EndProject
Global
	GlobalSection(SolutionConfigurationPlatforms) = preSolution
		Debug|Any CPU = Debug|Any CPU
		Release|Any CPU = Release|Any CPU
	EndGlobalSection
	GlobalSection(ProjectConfigurationPlatforms) = postSolution
		{37A36BBE-8D21-49E7-841D-64FA749B2154}.Debug|Any CPU.ActiveCfg = Debug|Any CPU
		{37A36BBE-8D21-49E7-841D-64FA749B2154}.Debug|Any CPU.Build.0 = Debug|Any CPU
		{37A36BBE-8D21-49E7-841D-64FA749B2154}.Release|Any CPU.ActiveCfg = Release|Any CPU
		{37A36BBE-8D21-49E7-841D-64FA749B2154}.Release|Any CPU.Build.0 = Release|Any CPU
		{62F8B3B0-48F3-42EF-9166-3DB81EC05630}.Debug|Any CPU.ActiveCfg = Debug|Any CPU
		{62F8B3B0-48F3-42EF-9166-3DB81EC05630}.Debug|Any CPU.Build.0 = Debug|Any CPU
		{62F8B3B0-48F3-42EF-9166-3DB81EC05630}.Release|Any CPU.ActiveCfg = Release|Any CPU
		{62F8B3B0-48F3-42EF-9166-3DB81EC05630}.Release|Any CPU.Build.0 = Release|Any CPU
	EndGlobalSection
	GlobalSection(SolutionProperties) = preSolution
		HideSolutionNode = FALSE
	EndGlobalSection
	GlobalSection(ExtensibilityGlobals) = postSolution
		SolutionGuid = {F80D6E30-FE67-41AA-9366-0D3A28D21E87}
	EndGlobalSection
EndGlobal
